// !$*UTF8*$!
{
	archiveVersion = 1;
	classes = {
	};
	objectVersion = 77;
	objects = {

/* Begin PBXBuildFile section */
		CA77CA9D2EA7657000C43B53 /* NetworkingKit in Frameworks */ = {isa = PBXBuildFile; productRef = CA77CA9C2EA7657000C43B53 /* NetworkingKit */; };
		CA77CA9F2EA7657000C43B53 /* DollarGeneralTemplateHelpers in Frameworks */ = {isa = PBXBuildFile; productRef = CA77CA9E2EA7657000C43B53 /* DollarGeneralTemplateHelpers */; };
		CA77CAA12EA7657000C43B53 /* DollarGeneralPersist in Frameworks */ = {isa = PBXBuildFile; productRef = CA77CAA02EA7657000C43B53 /* DollarGeneralPersist */; };
		CA7D8DA32EA8F2E300BAA874 /* Quick in Frameworks */ = {isa = PBXBuildFile; productRef = CA7D8D3F2EA8E9F000BAA874 /* Quick */; };
		CA7D8DA42EA8F2E300BAA874 /* Nimble in Frameworks */ = {isa = PBXBuildFile; productRef = CA7D8D402EA8E9F000BAA874 /* Nimble */; };
		CA880EAE2EA76C7C00C875AE /* ArkanaKeysInterfaces in Frameworks */ = {isa = PBXBuildFile; productRef = CA880EAD2EA76C7C00C875AE /* ArkanaKeysInterfaces */; };
		CA880EB02EA76C7C00C875AE /* ArkanaKeys in Frameworks */ = {isa = PBXBuildFile; productRef = CA880EAF2EA76C7C00C875AE /* ArkanaKeys */; };
/* End PBXBuildFile section */

/* Begin PBXContainerItemProxy section */
		CA67A3D62EA75B80008025D2 /* PBXContainerItemProxy */ = {
			isa = PBXContainerItemProxy;
			containerPortal = CA67A3BD2EA75B7E008025D2 /* Project object */;
			proxyType = 1;
			remoteGlobalIDString = CA67A3C42EA75B7E008025D2;
			remoteInfo = WeDaApp;
		};
		CA67A3E02EA75B80008025D2 /* PBXContainerItemProxy */ = {
			isa = PBXContainerItemProxy;
			containerPortal = CA67A3BD2EA75B7E008025D2 /* Project object */;
			proxyType = 1;
			remoteGlobalIDString = CA67A3C42EA75B7E008025D2;
			remoteInfo = WeDaApp;
		};
/* End PBXContainerItemProxy section */

/* Begin PBXFileReference section */
		CA67A3C52EA75B7E008025D2 /* WeDaApp.app */ = {isa = PBXFileReference; explicitFileType = wrapper.application; includeInIndex = 0; path = WeDaApp.app; sourceTree = BUILT_PRODUCTS_DIR; };
		CA67A3D52EA75B80008025D2 /* WeDaAppTests.xctest */ = {isa = PBXFileReference; explicitFileType = wrapper.cfbundle; includeInIndex = 0; path = WeDaAppTests.xctest; sourceTree = BUILT_PRODUCTS_DIR; };
		CA67A3DF2EA75B80008025D2 /* WeDaAppUITests.xctest */ = {isa = PBXFileReference; explicitFileType = wrapper.cfbundle; includeInIndex = 0; path = WeDaAppUITests.xctest; sourceTree = BUILT_PRODUCTS_DIR; };
/* End PBXFileReference section */

/* Begin PBXFileSystemSynchronizedRootGroup section */
		CA67A3C72EA75B7E008025D2 /* WeDaApp */ = {
			isa = PBXFileSystemSynchronizedRootGroup;
			path = WeDaApp;
			sourceTree = "<group>";
		};
		CA67A3D82EA75B80008025D2 /* WeDaAppTests */ = {
			isa = PBXFileSystemSynchronizedRootGroup;
			path = WeDaAppTests;
			sourceTree = "<group>";
		};
		CA67A3E22EA75B80008025D2 /* WeDaAppUITests */ = {
			isa = PBXFileSystemSynchronizedRootGroup;
			path = WeDaAppUITests;
			sourceTree = "<group>";
		};
/* End PBXFileSystemSynchronizedRootGroup section */

/* Begin PBXFrameworksBuildPhase section */
		CA67A3C22EA75B7E008025D2 /* Frameworks */ = {
			isa = PBXFrameworksBuildPhase;
			buildActionMask = 2147483647;
			files = (
				CA880EB02EA76C7C00C875AE /* ArkanaKeys in Frameworks */,
				CA77CA9D2EA7657000C43B53 /* NetworkingKit in Frameworks */,
				CA77CAA12EA7657000C43B53 /* DollarGeneralPersist in Frameworks */,
				CA880EAE2EA76C7C00C875AE /* ArkanaKeysInterfaces in Frameworks */,
				CA77CA9F2EA7657000C43B53 /* DollarGeneralTemplateHelpers in Frameworks */,
			);
			runOnlyForDeploymentPostprocessing = 0;
		};
		CA67A3D22EA75B80008025D2 /* Frameworks */ = {
			isa = PBXFrameworksBuildPhase;
			buildActionMask = 2147483647;
			files = (
				CA7D8DA42EA8F2E300BAA874 /* Nimble in Frameworks */,
				CA7D8DA32EA8F2E300BAA874 /* Quick in Frameworks */,
			);
			runOnlyForDeploymentPostprocessing = 0;
		};
		CA67A3DC2EA75B80008025D2 /* Frameworks */ = {
			isa = PBXFrameworksBuildPhase;
			buildActionMask = 2147483647;
			files = (
			);
			runOnlyForDeploymentPostprocessing = 0;
		};
/* End PBXFrameworksBuildPhase section */

/* Begin PBXGroup section */
		CA67A3BC2EA75B7E008025D2 = {
			isa = PBXGroup;
			children = (
				CA67A3C72EA75B7E008025D2 /* WeDaApp */,
				CA67A3D82EA75B80008025D2 /* WeDaAppTests */,
				CA67A3E22EA75B80008025D2 /* WeDaAppUITests */,
				CA77CA9B2EA7657000C43B53 /* Frameworks */,
				CA67A3C62EA75B7E008025D2 /* Products */,
			);
			sourceTree = "<group>";
		};
		CA67A3C62EA75B7E008025D2 /* Products */ = {
			isa = PBXGroup;
			children = (
				CA67A3C52EA75B7E008025D2 /* WeDaApp.app */,
				CA67A3D52EA75B80008025D2 /* WeDaAppTests.xctest */,
				CA67A3DF2EA75B80008025D2 /* WeDaAppUITests.xctest */,
			);
			name = Products;
			sourceTree = "<group>";
		};
		CA77CA9B2EA7657000C43B53 /* Frameworks */ = {
			isa = PBXGroup;
			children = (
			);
			name = Frameworks;
			sourceTree = "<group>";
		};
/* End PBXGroup section */

/* Begin PBXNativeTarget section */
		CA67A3C42EA75B7E008025D2 /* WeDaApp */ = {
			isa = PBXNativeTarget;
			buildConfigurationList = CA67A3E92EA75B80008025D2 /* Build configuration list for PBXNativeTarget "WeDaApp" */;
			buildPhases = (
				CA67A3C12EA75B7E008025D2 /* Sources */,
				CA67A3C22EA75B7E008025D2 /* Frameworks */,
				CA67A3C32EA75B7E008025D2 /* Resources */,
			);
			buildRules = (
			);
			dependencies = (
			);
			fileSystemSynchronizedGroups = (
				CA67A3C72EA75B7E008025D2 /* WeDaApp */,
			);
			name = WeDaApp;
			packageProductDependencies = (
				CA77CA9C2EA7657000C43B53 /* NetworkingKit */,
				CA77CA9E2EA7657000C43B53 /* DollarGeneralTemplateHelpers */,
				CA77CAA02EA7657000C43B53 /* DollarGeneralPersist */,
				CA880EAD2EA76C7C00C875AE /* ArkanaKeysInterfaces */,
				CA880EAF2EA76C7C00C875AE /* ArkanaKeys */,
			);
			productName = WeDaApp;
			productReference = CA67A3C52EA75B7E008025D2 /* WeDaApp.app */;
			productType = "com.apple.product-type.application";
		};
		CA67A3D42EA75B80008025D2 /* WeDaAppTests */ = {
			isa = PBXNativeTarget;
			buildConfigurationList = CA67A3EC2EA75B80008025D2 /* Build configuration list for PBXNativeTarget "WeDaAppTests" */;
			buildPhases = (
				CA67A3D12EA75B80008025D2 /* Sources */,
				CA67A3D22EA75B80008025D2 /* Frameworks */,
				CA67A3D32EA75B80008025D2 /* Resources */,
			);
			buildRules = (
			);
			dependencies = (
				CA67A3D72EA75B80008025D2 /* PBXTargetDependency */,
			);
			fileSystemSynchronizedGroups = (
				CA67A3D82EA75B80008025D2 /* WeDaAppTests */,
			);
			name = WeDaAppTests;
			packageProductDependencies = (
				CA7D8D3F2EA8E9F000BAA874 /* Quick */,
				CA7D8D402EA8E9F000BAA874 /* Nimble */,
			);
			productName = WeDaAppTests;
			productReference = CA67A3D52EA75B80008025D2 /* WeDaAppTests.xctest */;
			productType = "com.apple.product-type.bundle.unit-test";
		};
		CA67A3DE2EA75B80008025D2 /* WeDaAppUITests */ = {
			isa = PBXNativeTarget;
			buildConfigurationList = CA67A3EF2EA75B80008025D2 /* Build configuration list for PBXNativeTarget "WeDaAppUITests" */;
			buildPhases = (
				CA67A3DB2EA75B80008025D2 /* Sources */,
				CA67A3DC2EA75B80008025D2 /* Frameworks */,
				CA67A3DD2EA75B80008025D2 /* Resources */,
			);
			buildRules = (
			);
			dependencies = (
				CA67A3E12EA75B80008025D2 /* PBXTargetDependency */,
			);
			fileSystemSynchronizedGroups = (
				CA67A3E22EA75B80008025D2 /* WeDaAppUITests */,
			);
			name = WeDaAppUITests;
			packageProductDependencies = (
			);
			productName = WeDaAppUITests;
			productReference = CA67A3DF2EA75B80008025D2 /* WeDaAppUITests.xctest */;
			productType = "com.apple.product-type.bundle.ui-testing";
		};
/* End PBXNativeTarget section */

/* Begin PBXProject section */
		CA67A3BD2EA75B7E008025D2 /* Project object */ = {
			isa = PBXProject;
			attributes = {
				BuildIndependentTargetsInParallel = 1;
				LastSwiftUpdateCheck = 1600;
				LastUpgradeCheck = 1600;
				TargetAttributes = {
					CA67A3C42EA75B7E008025D2 = {
						CreatedOnToolsVersion = 16.0;
					};
					CA67A3D42EA75B80008025D2 = {
						CreatedOnToolsVersion = 16.0;
						TestTargetID = CA67A3C42EA75B7E008025D2;
					};
					CA67A3DE2EA75B80008025D2 = {
						CreatedOnToolsVersion = 16.0;
						TestTargetID = CA67A3C42EA75B7E008025D2;
					};
				};
			};
			buildConfigurationList = CA67A3C02EA75B7E008025D2 /* Build configuration list for PBXProject "WeDaApp" */;
			developmentRegion = en;
			hasScannedForEncodings = 0;
			knownRegions = (
				en,
				Base,
				es,
				pt,
			);
			mainGroup = CA67A3BC2EA75B7E008025D2;
			minimizedProjectReferenceProxies = 1;
			packageReferences = (
				CA77CA982EA760F300C43B53 /* XCLocalSwiftPackageReference "../NetworkingKit" */,
				CA77CA992EA7612100C43B53 /* XCLocalSwiftPackageReference "../DollarGeneralTemplateHelpers" */,
				CA77CA9A2EA7615000C43B53 /* XCLocalSwiftPackageReference "../DollarGeneralPersist" */,
				CA77CAA22EA7674400C43B53 /* XCLocalSwiftPackageReference "../ArkanaKeys/ArkanaKeysInterfaces" */,
				CA77CAA32EA7675800C43B53 /* XCLocalSwiftPackageReference "../ArkanaKeys/ArkanaKeys" */,
				CA7D8D3D2EA8E94100BAA874 /* XCRemoteSwiftPackageReference "Nimble" */,
				CA7D8D3E2EA8E97300BAA874 /* XCRemoteSwiftPackageReference "Quick" */,
			);
			preferredProjectObjectVersion = 77;
			productRefGroup = CA67A3C62EA75B7E008025D2 /* Products */;
			projectDirPath = "";
			projectRoot = "";
			targets = (
				CA67A3C42EA75B7E008025D2 /* WeDaApp */,
				CA67A3D42EA75B80008025D2 /* WeDaAppTests */,
				CA67A3DE2EA75B80008025D2 /* WeDaAppUITests */,
			);
		};
/* End PBXProject section */

/* Begin PBXResourcesBuildPhase section */
		CA67A3C32EA75B7E008025D2 /* Resources */ = {
			isa = PBXResourcesBuildPhase;
			buildActionMask = 2147483647;
			files = (
			);
			runOnlyForDeploymentPostprocessing = 0;
		};
		CA67A3D32EA75B80008025D2 /* Resources */ = {
			isa = PBXResourcesBuildPhase;
			buildActionMask = 2147483647;
			files = (
			);
			runOnlyForDeploymentPostprocessing = 0;
		};
		CA67A3DD2EA75B80008025D2 /* Resources */ = {
			isa = PBXResourcesBuildPhase;
			buildActionMask = 2147483647;
			files = (
			);
			runOnlyForDeploymentPostprocessing = 0;
		};
/* End PBXResourcesBuildPhase section */

/* Begin PBXSourcesBuildPhase section */
		CA67A3C12EA75B7E008025D2 /* Sources */ = {
			isa = PBXSourcesBuildPhase;
			buildActionMask = 2147483647;
			files = (
			);
			runOnlyForDeploymentPostprocessing = 0;
		};
		CA67A3D12EA75B80008025D2 /* Sources */ = {
			isa = PBXSourcesBuildPhase;
			buildActionMask = 2147483647;
			files = (
			);
			runOnlyForDeploymentPostprocessing = 0;
		};
		CA67A3DB2EA75B80008025D2 /* Sources */ = {
			isa = PBXSourcesBuildPhase;
			buildActionMask = 2147483647;
			files = (
			);
			runOnlyForDeploymentPostprocessing = 0;
		};
/* End PBXSourcesBuildPhase section */

/* Begin PBXTargetDependency section */
		CA67A3D72EA75B80008025D2 /* PBXTargetDependency */ = {
			isa = PBXTargetDependency;
			target = CA67A3C42EA75B7E008025D2 /* WeDaApp */;
			targetProxy = CA67A3D62EA75B80008025D2 /* PBXContainerItemProxy */;
		};
		CA67A3E12EA75B80008025D2 /* PBXTargetDependency */ = {
			isa = PBXTargetDependency;
			target = CA67A3C42EA75B7E008025D2 /* WeDaApp */;
			targetProxy = CA67A3E02EA75B80008025D2 /* PBXContainerItemProxy */;
		};
/* End PBXTargetDependency section */

/* Begin XCBuildConfiguration section */
		CA67A3E72EA75B80008025D2 /* Debug */ = {
			isa = XCBuildConfiguration;
			buildSettings = {
				ALWAYS_SEARCH_USER_PATHS = NO;
				ASSETCATALOG_COMPILER_GENERATE_SWIFT_ASSET_SYMBOL_EXTENSIONS = YES;
				CLANG_ANALYZER_NONNULL = YES;
				CLANG_ANALYZER_NUMBER_OBJECT_CONVERSION = YES_AGGRESSIVE;
				CLANG_CXX_LANGUAGE_STANDARD = "gnu++20";
				CLANG_ENABLE_MODULES = YES;
				CLANG_ENABLE_OBJC_ARC = YES;
				CLANG_ENABLE_OBJC_WEAK = YES;
				CLANG_WARN_BLOCK_CAPTURE_AUTORELEASING = YES;
				CLANG_WARN_BOOL_CONVERSION = YES;
				CLANG_WARN_COMMA = YES;
				CLANG_WARN_CONSTANT_CONVERSION = YES;
				CLANG_WARN_DEPRECATED_OBJC_IMPLEMENTATIONS = YES;
				CLANG_WARN_DIRECT_OBJC_ISA_USAGE = YES_ERROR;
				CLANG_WARN_DOCUMENTATION_COMMENTS = YES;
				CLANG_WARN_EMPTY_BODY = YES;
				CLANG_WARN_ENUM_CONVERSION = YES;
				CLANG_WARN_INFINITE_RECURSION = YES;
				CLANG_WARN_INT_CONVERSION = YES;
				CLANG_WARN_NON_LITERAL_NULL_CONVERSION = YES;
				CLANG_WARN_OBJC_IMPLICIT_RETAIN_SELF = YES;
				CLANG_WARN_OBJC_LITERAL_CONVERSION = YES;
				CLANG_WARN_OBJC_ROOT_CLASS = YES_ERROR;
				CLANG_WARN_QUOTED_INCLUDE_IN_FRAMEWORK_HEADER = YES;
				CLANG_WARN_RANGE_LOOP_ANALYSIS = YES;
				CLANG_WARN_STRICT_PROTOTYPES = YES;
				CLANG_WARN_SUSPICIOUS_MOVE = YES;
				CLANG_WARN_UNGUARDED_AVAILABILITY = YES_AGGRESSIVE;
				CLANG_WARN_UNREACHABLE_CODE = YES;
				CLANG_WARN__DUPLICATE_METHOD_MATCH = YES;
				COPY_PHASE_STRIP = NO;
				DEBUG_INFORMATION_FORMAT = dwarf;
				ENABLE_STRICT_OBJC_MSGSEND = YES;
				ENABLE_TESTABILITY = YES;
				ENABLE_USER_SCRIPT_SANDBOXING = YES;
				GCC_C_LANGUAGE_STANDARD = gnu17;
				GCC_DYNAMIC_NO_PIC = NO;
				GCC_NO_COMMON_BLOCKS = YES;
				GCC_OPTIMIZATION_LEVEL = 0;
				GCC_PREPROCESSOR_DEFINITIONS = (
					"DEBUG=1",
					"$(inherited)",
				);
				GCC_WARN_64_TO_32_BIT_CONVERSION = YES;
				GCC_WARN_ABOUT_RETURN_TYPE = YES_ERROR;
				GCC_WARN_UNDECLARED_SELECTOR = YES;
				GCC_WARN_UNINITIALIZED_AUTOS = YES_AGGRESSIVE;
				GCC_WARN_UNUSED_FUNCTION = YES;
				GCC_WARN_UNUSED_VARIABLE = YES;
				IPHONEOS_DEPLOYMENT_TARGET = 18.0;
				LOCALIZATION_PREFERS_STRING_CATALOGS = YES;
				MTL_ENABLE_DEBUG_INFO = INCLUDE_SOURCE;
				MTL_FAST_MATH = YES;
				ONLY_ACTIVE_ARCH = YES;
				SDKROOT = iphoneos;
				SWIFT_ACTIVE_COMPILATION_CONDITIONS = "DEBUG $(inherited)";
				SWIFT_OPTIMIZATION_LEVEL = "-Onone";
			};
			name = Debug;
		};
		CA67A3E82EA75B80008025D2 /* Release */ = {
			isa = XCBuildConfiguration;
			buildSettings = {
				ALWAYS_SEARCH_USER_PATHS = NO;
				ASSETCATALOG_COMPILER_GENERATE_SWIFT_ASSET_SYMBOL_EXTENSIONS = YES;
				CLANG_ANALYZER_NONNULL = YES;
				CLANG_ANALYZER_NUMBER_OBJECT_CONVERSION = YES_AGGRESSIVE;
				CLANG_CXX_LANGUAGE_STANDARD = "gnu++20";
				CLANG_ENABLE_MODULES = YES;
				CLANG_ENABLE_OBJC_ARC = YES;
				CLANG_ENABLE_OBJC_WEAK = YES;
				CLANG_WARN_BLOCK_CAPTURE_AUTORELEASING = YES;
				CLANG_WARN_BOOL_CONVERSION = YES;
				CLANG_WARN_COMMA = YES;
				CLANG_WARN_CONSTANT_CONVERSION = YES;
				CLANG_WARN_DEPRECATED_OBJC_IMPLEMENTATIONS = YES;
				CLANG_WARN_DIRECT_OBJC_ISA_USAGE = YES_ERROR;
				CLANG_WARN_DOCUMENTATION_COMMENTS = YES;
				CLANG_WARN_EMPTY_BODY = YES;
				CLANG_WARN_ENUM_CONVERSION = YES;
				CLANG_WARN_INFINITE_RECURSION = YES;
				CLANG_WARN_INT_CONVERSION = YES;
				CLANG_WARN_NON_LITERAL_NULL_CONVERSION = YES;
				CLANG_WARN_OBJC_IMPLICIT_RETAIN_SELF = YES;
				CLANG_WARN_OBJC_LITERAL_CONVERSION = YES;
				CLANG_WARN_OBJC_ROOT_CLASS = YES_ERROR;
				CLANG_WARN_QUOTED_INCLUDE_IN_FRAMEWORK_HEADER = YES;
				CLANG_WARN_RANGE_LOOP_ANALYSIS = YES;
				CLANG_WARN_STRICT_PROTOTYPES = YES;
				CLANG_WARN_SUSPICIOUS_MOVE = YES;
				CLANG_WARN_UNGUARDED_AVAILABILITY = YES_AGGRESSIVE;
				CLANG_WARN_UNREACHABLE_CODE = YES;
				CLANG_WARN__DUPLICATE_METHOD_MATCH = YES;
				COPY_PHASE_STRIP = NO;
				DEBUG_INFORMATION_FORMAT = "dwarf-with-dsym";
				ENABLE_NS_ASSERTIONS = NO;
				ENABLE_STRICT_OBJC_MSGSEND = YES;
				ENABLE_USER_SCRIPT_SANDBOXING = YES;
				GCC_C_LANGUAGE_STANDARD = gnu17;
				GCC_NO_COMMON_BLOCKS = YES;
				GCC_WARN_64_TO_32_BIT_CONVERSION = YES;
				GCC_WARN_ABOUT_RETURN_TYPE = YES_ERROR;
				GCC_WARN_UNDECLARED_SELECTOR = YES;
				GCC_WARN_UNINITIALIZED_AUTOS = YES_AGGRESSIVE;
				GCC_WARN_UNUSED_FUNCTION = YES;
				GCC_WARN_UNUSED_VARIABLE = YES;
				IPHONEOS_DEPLOYMENT_TARGET = 18.0;
				LOCALIZATION_PREFERS_STRING_CATALOGS = YES;
				MTL_ENABLE_DEBUG_INFO = NO;
				MTL_FAST_MATH = YES;
				SDKROOT = iphoneos;
				SWIFT_COMPILATION_MODE = wholemodule;
				VALIDATE_PRODUCT = YES;
			};
			name = Release;
		};
		CA67A3EA2EA75B80008025D2 /* Debug */ = {
			isa = XCBuildConfiguration;
			buildSettings = {
				ASSETCATALOG_COMPILER_APPICON_NAME = AppIcon;
				ASSETCATALOG_COMPILER_GLOBAL_ACCENT_COLOR_NAME = AccentColor;
				CODE_SIGN_STYLE = Automatic;
				CURRENT_PROJECT_VERSION = 1;
				DEVELOPMENT_ASSET_PATHS = "\"WeDaApp/Preview Content\"";
				ENABLE_PREVIEWS = YES;
				GENERATE_INFOPLIST_FILE = YES;
				INFOPLIST_KEY_NSLocationWhenInUseUsageDescription = "Allow location access to automatically show weather for your area";
				INFOPLIST_KEY_UIApplicationSceneManifest_Generation = YES;
				INFOPLIST_KEY_UIApplicationSupportsIndirectInputEvents = YES;
				INFOPLIST_KEY_UILaunchStoryboardName = LaunchScreen;
				INFOPLIST_KEY_UISupportedInterfaceOrientations_iPad = "UIInterfaceOrientationPortrait UIInterfaceOrientationPortraitUpsideDown UIInterfaceOrientationLandscapeLeft UIInterfaceOrientationLandscapeRight";
				INFOPLIST_KEY_UISupportedInterfaceOrientations_iPhone = "UIInterfaceOrientationPortrait UIInterfaceOrientationLandscapeLeft UIInterfaceOrientationLandscapeRight";
				LD_RUNPATH_SEARCH_PATHS = (
					"$(inherited)",
					"@executable_path/Frameworks",
				);
				MARKETING_VERSION = 1.0;
				PRODUCT_BUNDLE_IDENTIFIER = erbit.WeDaApp;
				PRODUCT_NAME = "$(TARGET_NAME)";
				SWIFT_EMIT_LOC_STRINGS = YES;
				SWIFT_VERSION = 5.0;
				TARGETED_DEVICE_FAMILY = "1,2";
			};
			name = Debug;
		};
		CA67A3EB2EA75B80008025D2 /* Release */ = {
			isa = XCBuildConfiguration;
			buildSettings = {
				ASSETCATALOG_COMPILER_APPICON_NAME = AppIcon;
				ASSETCATALOG_COMPILER_GLOBAL_ACCENT_COLOR_NAME = AccentColor;
				CODE_SIGN_STYLE = Automatic;
				CURRENT_PROJECT_VERSION = 1;
				DEVELOPMENT_ASSET_PATHS = "\"WeDaApp/Preview Content\"";
				ENABLE_PREVIEWS = YES;
				GENERATE_INFOPLIST_FILE = YES;
				INFOPLIST_KEY_NSLocationWhenInUseUsageDescription = "Allow location access to automatically show weather for your area";
				INFOPLIST_KEY_UIApplicationSceneManifest_Generation = YES;
				INFOPLIST_KEY_UIApplicationSupportsIndirectInputEvents = YES;
				INFOPLIST_KEY_UILaunchStoryboardName = LaunchScreen;
				INFOPLIST_KEY_UISupportedInterfaceOrientations_iPad = "UIInterfaceOrientationPortrait UIInterfaceOrientationPortraitUpsideDown UIInterfaceOrientationLandscapeLeft UIInterfaceOrientationLandscapeRight";
				INFOPLIST_KEY_UISupportedInterfaceOrientations_iPhone = "UIInterfaceOrientationPortrait UIInterfaceOrientationLandscapeLeft UIInterfaceOrientationLandscapeRight";
				LD_RUNPATH_SEARCH_PATHS = (
					"$(inherited)",
					"@executable_path/Frameworks",
				);
				MARKETING_VERSION = 1.0;
				PRODUCT_BUNDLE_IDENTIFIER = erbit.WeDaApp;
				PRODUCT_NAME = "$(TARGET_NAME)";
				SWIFT_EMIT_LOC_STRINGS = YES;
				SWIFT_VERSION = 5.0;
				TARGETED_DEVICE_FAMILY = "1,2";
			};
			name = Release;
		};
		CA67A3ED2EA75B80008025D2 /* Debug */ = {
			isa = XCBuildConfiguration;
			buildSettings = {
				BUNDLE_LOADER = "$(TEST_HOST)";
				CODE_SIGN_STYLE = Automatic;
				CURRENT_PROJECT_VERSION = 1;
				GENERATE_INFOPLIST_FILE = YES;
				IPHONEOS_DEPLOYMENT_TARGET = 18.0;
				MARKETING_VERSION = 1.0;
				PRODUCT_BUNDLE_IDENTIFIER = erbit.WeDaAppTests;
				PRODUCT_NAME = "$(TARGET_NAME)";
				SWIFT_EMIT_LOC_STRINGS = NO;
				SWIFT_VERSION = 5.0;
				TARGETED_DEVICE_FAMILY = "1,2";
				TEST_HOST = "$(BUILT_PRODUCTS_DIR)/WeDaApp.app/$(BUNDLE_EXECUTABLE_FOLDER_PATH)/WeDaApp";
			};
			name = Debug;
		};
		CA67A3EE2EA75B80008025D2 /* Release */ = {
			isa = XCBuildConfiguration;
			buildSettings = {
				BUNDLE_LOADER = "$(TEST_HOST)";
				CODE_SIGN_STYLE = Automatic;
				CURRENT_PROJECT_VERSION = 1;
				GENERATE_INFOPLIST_FILE = YES;
				IPHONEOS_DEPLOYMENT_TARGET = 18.0;
				MARKETING_VERSION = 1.0;
				PRODUCT_BUNDLE_IDENTIFIER = erbit.WeDaAppTests;
				PRODUCT_NAME = "$(TARGET_NAME)";
				SWIFT_EMIT_LOC_STRINGS = NO;
				SWIFT_VERSION = 5.0;
				TARGETED_DEVICE_FAMILY = "1,2";
				TEST_HOST = "$(BUILT_PRODUCTS_DIR)/WeDaApp.app/$(BUNDLE_EXECUTABLE_FOLDER_PATH)/WeDaApp";
			};
			name = Release;
		};
		CA67A3F02EA75B80008025D2 /* Debug */ = {
			isa = XCBuildConfiguration;
			buildSettings = {
				CODE_SIGN_STYLE = Automatic;
				CURRENT_PROJECT_VERSION = 1;
				GENERATE_INFOPLIST_FILE = YES;
				MARKETING_VERSION = 1.0;
				PRODUCT_BUNDLE_IDENTIFIER = erbit.WeDaAppUITests;
				PRODUCT_NAME = "$(TARGET_NAME)";
				SWIFT_EMIT_LOC_STRINGS = NO;
				SWIFT_VERSION = 5.0;
				TARGETED_DEVICE_FAMILY = "1,2";
				TEST_TARGET_NAME = WeDaApp;
			};
			name = Debug;
		};
		CA67A3F12EA75B80008025D2 /* Release */ = {
			isa = XCBuildConfiguration;
			buildSettings = {
				CODE_SIGN_STYLE = Automatic;
				CURRENT_PROJECT_VERSION = 1;
				GENERATE_INFOPLIST_FILE = YES;
				MARKETING_VERSION = 1.0;
				PRODUCT_BUNDLE_IDENTIFIER = erbit.WeDaAppUITests;
				PRODUCT_NAME = "$(TARGET_NAME)";
				SWIFT_EMIT_LOC_STRINGS = NO;
				SWIFT_VERSION = 5.0;
				TARGETED_DEVICE_FAMILY = "1,2";
				TEST_TARGET_NAME = WeDaApp;
			};
			name = Release;
		};
/* End XCBuildConfiguration section */

/* Begin XCConfigurationList section */
		CA67A3C02EA75B7E008025D2 /* Build configuration list for PBXProject "WeDaApp" */ = {
			isa = XCConfigurationList;
			buildConfigurations = (
				CA67A3E72EA75B80008025D2 /* Debug */,
				CA67A3E82EA75B80008025D2 /* Release */,
			);
			defaultConfigurationIsVisible = 0;
			defaultConfigurationName = Release;
		};
		CA67A3E92EA75B80008025D2 /* Build configuration list for PBXNativeTarget "WeDaApp" */ = {
			isa = XCConfigurationList;
			buildConfigurations = (
				CA67A3EA2EA75B80008025D2 /* Debug */,
				CA67A3EB2EA75B80008025D2 /* Release */,
			);
			defaultConfigurationIsVisible = 0;
			defaultConfigurationName = Release;
		};
		CA67A3EC2EA75B80008025D2 /* Build configuration list for PBXNativeTarget "WeDaAppTests" */ = {
			isa = XCConfigurationList;
			buildConfigurations = (
				CA67A3ED2EA75B80008025D2 /* Debug */,
				CA67A3EE2EA75B80008025D2 /* Release */,
			);
			defaultConfigurationIsVisible = 0;
			defaultConfigurationName = Release;
		};
		CA67A3EF2EA75B80008025D2 /* Build configuration list for PBXNativeTarget "WeDaAppUITests" */ = {
			isa = XCConfigurationList;
			buildConfigurations = (
				CA67A3F02EA75B80008025D2 /* Debug */,
				CA67A3F12EA75B80008025D2 /* Release */,
			);
			defaultConfigurationIsVisible = 0;
			defaultConfigurationName = Release;
		};
/* End XCConfigurationList section */

/* Begin XCLocalSwiftPackageReference section */
		CA77CA982EA760F300C43B53 /* XCLocalSwiftPackageReference "../NetworkingKit" */ = {
			isa = XCLocalSwiftPackageReference;
			relativePath = ../NetworkingKit;
		};
		CA77CA992EA7612100C43B53 /* XCLocalSwiftPackageReference "../DollarGeneralTemplateHelpers" */ = {
			isa = XCLocalSwiftPackageReference;
			relativePath = ../DollarGeneralTemplateHelpers;
		};
		CA77CA9A2EA7615000C43B53 /* XCLocalSwiftPackageReference "../DollarGeneralPersist" */ = {
			isa = XCLocalSwiftPackageReference;
			relativePath = ../DollarGeneralPersist;
		};
		CA77CAA22EA7674400C43B53 /* XCLocalSwiftPackageReference "../ArkanaKeys/ArkanaKeysInterfaces" */ = {
			isa = XCLocalSwiftPackageReference;
			relativePath = ../ArkanaKeys/ArkanaKeysInterfaces;
		};
		CA77CAA32EA7675800C43B53 /* XCLocalSwiftPackageReference "../ArkanaKeys/ArkanaKeys" */ = {
			isa = XCLocalSwiftPackageReference;
			relativePath = ../ArkanaKeys/ArkanaKeys;
		};
/* End XCLocalSwiftPackageReference section */

/* Begin XCRemoteSwiftPackageReference section */
		CA7D8D3D2EA8E94100BAA874 /* XCRemoteSwiftPackageReference "Nimble" */ = {
			isa = XCRemoteSwiftPackageReference;
			repositoryURL = "https://github.com/Quick/Nimble";
			requirement = {
				branch = main;
				kind = branch;
			};
		};
		CA7D8D3E2EA8E97300BAA874 /* XCRemoteSwiftPackageReference "Quick" */ = {
			isa = XCRemoteSwiftPackageReference;
			repositoryURL = "https://github.com/Quick/Quick";
			requirement = {
				branch = main;
				kind = branch;
			};
		};
/* End XCRemoteSwiftPackageReference section */

/* Begin XCSwiftPackageProductDependency section */
		CA77CA9C2EA7657000C43B53 /* NetworkingKit */ = {
			isa = XCSwiftPackageProductDependency;
			package = CA77CA982EA760F300C43B53 /* XCLocalSwiftPackageReference "../NetworkingKit" */;
			productName = NetworkingKit;
		};
		CA77CA9E2EA7657000C43B53 /* DollarGeneralTemplateHelpers */ = {
			isa = XCSwiftPackageProductDependency;
			package = CA77CA992EA7612100C43B53 /* XCLocalSwiftPackageReference "../DollarGeneralTemplateHelpers" */;
			productName = DollarGeneralTemplateHelpers;
		};
		CA77CAA02EA7657000C43B53 /* DollarGeneralPersist */ = {
			isa = XCSwiftPackageProductDependency;
			package = CA77CA9A2EA7615000C43B53 /* XCLocalSwiftPackageReference "../DollarGeneralPersist" */;
			productName = DollarGeneralPersist;
		};
		CA7D8D3F2EA8E9F000BAA874 /* Quick */ = {
			isa = XCSwiftPackageProductDependency;
			package = CA7D8D3E2EA8E97300BAA874 /* XCRemoteSwiftPackageReference "Quick" */;
			productName = Quick;
		};
		CA7D8D402EA8E9F000BAA874 /* Nimble */ = {
			isa = XCSwiftPackageProductDependency;
			package = CA7D8D3D2EA8E94100BAA874 /* XCRemoteSwiftPackageReference "Nimble" */;
			productName = Nimble;
		};
		CA880EAD2EA76C7C00C875AE /* ArkanaKeysInterfaces */ = {
			isa = XCSwiftPackageProductDependency;
			package = CA77CAA22EA7674400C43B53 /* XCLocalSwiftPackageReference "../ArkanaKeys/ArkanaKeysInterfaces" */;
			productName = ArkanaKeysInterfaces;
		};
		CA880EAF2EA76C7C00C875AE /* ArkanaKeys */ = {
			isa = XCSwiftPackageProductDependency;
			package = CA77CAA32EA7675800C43B53 /* XCLocalSwiftPackageReference "../ArkanaKeys/ArkanaKeys" */;
			productName = ArkanaKeys;
		};
/* End XCSwiftPackageProductDependency section */
	};
	rootObject = CA67A3BD2EA75B7E008025D2 /* Project object */;
}
